
Microsoft Visual Studio Solution File, Format Version 12.00
# Visual Studio Version 17
VisualStudioVersion = 17.0.31912.275
MinimumVisualStudioVersion = 10.0.40219.1
Project("{FAE04EC0-301F-11D3-BF4B-00C04F79EFBC}") = "Lab10_LP", "Lab10_LP\Lab10_LP.csproj", "{B1647A29-C6E3-4643-84E4-AD8182FCE90F}"
EndProject
Global
	GlobalSection(SolutionConfigurationPlatforms) = preSolution
		Debug|Any CPU = Debug|Any CPU
		Release|Any CPU = Release|Any CPU
	EndGlobalSection
	GlobalSection(ProjectConfigurationPlatforms) = postSolution
		{B1647A29-C6E3-4643-84E4-AD8182FCE90F}.Debug|Any CPU.ActiveCfg = Debug|Any CPU
		{B1647A29-C6E3-4643-84E4-AD8182FCE90F}.Debug|Any CPU.Build.0 = Debug|Any CPU
		{B1647A29-C6E3-4643-84E4-AD8182FCE90F}.Release|Any CPU.ActiveCfg = Release|Any CPU
		{B1647A29-C6E3-4643-84E4-AD8182FCE90F}.Release|Any CPU.Build.0 = Release|Any CPU
	EndGlobalSection
	GlobalSection(SolutionProperties) = preSolution
		HideSolutionNode = FALSE
	EndGlobalSection
	GlobalSection(ExtensibilityGlobals) = postSolution
		SolutionGuid = {B995D060-C97C-4FFD-9717-F934974D467A}
	EndGlobalSection
EndGlobal
